// !$*UTF8*$!
{
	archiveVersion = 1;
	classes = {
	};
	objectVersion = 56;
	objects = {

/* Begin PBXBuildFile section */
		61CA72E529815A5500D0E6FB /* Assets.xcassets in Resources */ = {isa = PBXBuildFile; fileRef = 61CA72E429815A5500D0E6FB /* Assets.xcassets */; };
		61CA72E829815A5500D0E6FB /* Preview Assets.xcassets in Resources */ = {isa = PBXBuildFile; fileRef = 61CA72E729815A5500D0E6FB /* Preview Assets.xcassets */; };
		61CA72FD29815A7F00D0E6FB /* Assets.xcassets in Resources */ = {isa = PBXBuildFile; fileRef = 61CA72FC29815A7F00D0E6FB /* Assets.xcassets */; };
		61CA730029815A7F00D0E6FB /* Preview Assets.xcassets in Resources */ = {isa = PBXBuildFile; fileRef = 61CA72FF29815A7F00D0E6FB /* Preview Assets.xcassets */; };
		61CA731629815AE900D0E6FB /* Camera.swift in Sources */ = {isa = PBXBuildFile; fileRef = 61CA730629815AE700D0E6FB /* Camera.swift */; };
		61CA731729815AE900D0E6FB /* PaletteEditor.swift in Sources */ = {isa = PBXBuildFile; fileRef = 61CA730729815AE700D0E6FB /* PaletteEditor.swift */; };
		61CA731829815AE900D0E6FB /* PaletteEditor.swift in Sources */ = {isa = PBXBuildFile; fileRef = 61CA730729815AE700D0E6FB /* PaletteEditor.swift */; };
		61CA731929815AE900D0E6FB /* UtilityViews.swift in Sources */ = {isa = PBXBuildFile; fileRef = 61CA730829815AE800D0E6FB /* UtilityViews.swift */; };
		61CA731A29815AE900D0E6FB /* UtilityViews.swift in Sources */ = {isa = PBXBuildFile; fileRef = 61CA730829815AE800D0E6FB /* UtilityViews.swift */; };
		61CA731B29815AE900D0E6FB /* PaletteChooser.swift in Sources */ = {isa = PBXBuildFile; fileRef = 61CA730929815AE800D0E6FB /* PaletteChooser.swift */; };
		61CA731C29815AE900D0E6FB /* PaletteChooser.swift in Sources */ = {isa = PBXBuildFile; fileRef = 61CA730929815AE800D0E6FB /* PaletteChooser.swift */; };
		61CA731D29815AE900D0E6FB /* EmojiArtApp.swift in Sources */ = {isa = PBXBuildFile; fileRef = 61CA730A29815AE800D0E6FB /* EmojiArtApp.swift */; };
		61CA731E29815AE900D0E6FB /* EmojiArtApp.swift in Sources */ = {isa = PBXBuildFile; fileRef = 61CA730A29815AE800D0E6FB /* EmojiArtApp.swift */; };
		61CA731F29815AE900D0E6FB /* EmojiArtModel.Background.swift in Sources */ = {isa = PBXBuildFile; fileRef = 61CA730B29815AE800D0E6FB /* EmojiArtModel.Background.swift */; };
		61CA732029815AE900D0E6FB /* EmojiArtModel.Background.swift in Sources */ = {isa = PBXBuildFile; fileRef = 61CA730B29815AE800D0E6FB /* EmojiArtModel.Background.swift */; };
		61CA732229815AE900D0E6FB /* PhotoLibrary.swift in Sources */ = {isa = PBXBuildFile; fileRef = 61CA730C29815AE800D0E6FB /* PhotoLibrary.swift */; };
		61CA732429815AE900D0E6FB /* PaletteManager.swift in Sources */ = {isa = PBXBuildFile; fileRef = 61CA730D29815AE800D0E6FB /* PaletteManager.swift */; };
		61CA732529815AE900D0E6FB /* EmojiArtDocument.swift in Sources */ = {isa = PBXBuildFile; fileRef = 61CA730E29815AE900D0E6FB /* EmojiArtDocument.swift */; };
		61CA732629815AE900D0E6FB /* EmojiArtDocument.swift in Sources */ = {isa = PBXBuildFile; fileRef = 61CA730E29815AE900D0E6FB /* EmojiArtDocument.swift */; };
		61CA732729815AE900D0E6FB /* PaletteStore.swift in Sources */ = {isa = PBXBuildFile; fileRef = 61CA730F29815AE900D0E6FB /* PaletteStore.swift */; };
		61CA732829815AE900D0E6FB /* PaletteStore.swift in Sources */ = {isa = PBXBuildFile; fileRef = 61CA730F29815AE900D0E6FB /* PaletteStore.swift */; };
		61CA732929815AE900D0E6FB /* UtilityExtensions.swift in Sources */ = {isa = PBXBuildFile; fileRef = 61CA731029815AE900D0E6FB /* UtilityExtensions.swift */; };
		61CA732A29815AE900D0E6FB /* UtilityExtensions.swift in Sources */ = {isa = PBXBuildFile; fileRef = 61CA731029815AE900D0E6FB /* UtilityExtensions.swift */; };
		61CA732B29815AE900D0E6FB /* EmojiArtModel.swift in Sources */ = {isa = PBXBuildFile; fileRef = 61CA731129815AE900D0E6FB /* EmojiArtModel.swift */; };
		61CA732C29815AE900D0E6FB /* EmojiArtModel.swift in Sources */ = {isa = PBXBuildFile; fileRef = 61CA731129815AE900D0E6FB /* EmojiArtModel.swift */; };
		61CA732D29815AE900D0E6FB /* EmojiArtDocumentView.swift in Sources */ = {isa = PBXBuildFile; fileRef = 61CA731229815AE900D0E6FB /* EmojiArtDocumentView.swift */; };
		61CA732E29815AE900D0E6FB /* EmojiArtDocumentView.swift in Sources */ = {isa = PBXBuildFile; fileRef = 61CA731229815AE900D0E6FB /* EmojiArtDocumentView.swift */; };
		61CA733329815B7100D0E6FB /* macOS.swift in Sources */ = {isa = PBXBuildFile; fileRef = 61CA733229815B7100D0E6FB /* macOS.swift */; };
		61CA73362981612800D0E6FB /* iOS.swift in Sources */ = {isa = PBXBuildFile; fileRef = 61CA73352981612800D0E6FB /* iOS.swift */; };
/* End PBXBuildFile section */

/* Begin PBXFileReference section */
		61CA72DB29815A5400D0E6FB /* EmojiArt (macOS).app */ = {isa = PBXFileReference; explicitFileType = wrapper.application; includeInIndex = 0; path = "EmojiArt (macOS).app"; sourceTree = BUILT_PRODUCTS_DIR; };
		61CA72E429815A5500D0E6FB /* Assets.xcassets */ = {isa = PBXFileReference; lastKnownFileType = folder.assetcatalog; path = Assets.xcassets; sourceTree = "<group>"; };
		61CA72E729815A5500D0E6FB /* Preview Assets.xcassets */ = {isa = PBXFileReference; lastKnownFileType = folder.assetcatalog; path = "Preview Assets.xcassets"; sourceTree = "<group>"; };
		61CA72E929815A5500D0E6FB /* Info.plist */ = {isa = PBXFileReference; lastKnownFileType = text.plist.xml; path = Info.plist; sourceTree = "<group>"; };
		61CA72EA29815A5500D0E6FB /* EmojiArt.entitlements */ = {isa = PBXFileReference; lastKnownFileType = text.plist.entitlements; path = EmojiArt.entitlements; sourceTree = "<group>"; };
		61CA72F429815A7E00D0E6FB /* EmojiArt (iOS).app */ = {isa = PBXFileReference; explicitFileType = wrapper.application; includeInIndex = 0; path = "EmojiArt (iOS).app"; sourceTree = BUILT_PRODUCTS_DIR; };
		61CA72FC29815A7F00D0E6FB /* Assets.xcassets */ = {isa = PBXFileReference; lastKnownFileType = folder.assetcatalog; path = Assets.xcassets; sourceTree = "<group>"; };
		61CA72FF29815A7F00D0E6FB /* Preview Assets.xcassets */ = {isa = PBXFileReference; lastKnownFileType = folder.assetcatalog; path = "Preview Assets.xcassets"; sourceTree = "<group>"; };
		61CA730629815AE700D0E6FB /* Camera.swift */ = {isa = PBXFileReference; fileEncoding = 4; lastKnownFileType = sourcecode.swift; path = Camera.swift; sourceTree = "<group>"; };
		61CA730729815AE700D0E6FB /* PaletteEditor.swift */ = {isa = PBXFileReference; fileEncoding = 4; lastKnownFileType = sourcecode.swift; path = PaletteEditor.swift; sourceTree = "<group>"; };
		61CA730829815AE800D0E6FB /* UtilityViews.swift */ = {isa = PBXFileReference; fileEncoding = 4; lastKnownFileType = sourcecode.swift; path = UtilityViews.swift; sourceTree = "<group>"; };
		61CA730929815AE800D0E6FB /* PaletteChooser.swift */ = {isa = PBXFileReference; fileEncoding = 4; lastKnownFileType = sourcecode.swift; path = PaletteChooser.swift; sourceTree = "<group>"; };
		61CA730A29815AE800D0E6FB /* EmojiArtApp.swift */ = {isa = PBXFileReference; fileEncoding = 4; lastKnownFileType = sourcecode.swift; path = EmojiArtApp.swift; sourceTree = "<group>"; };
		61CA730B29815AE800D0E6FB /* EmojiArtModel.Background.swift */ = {isa = PBXFileReference; fileEncoding = 4; lastKnownFileType = sourcecode.swift; path = EmojiArtModel.Background.swift; sourceTree = "<group>"; };
		61CA730C29815AE800D0E6FB /* PhotoLibrary.swift */ = {isa = PBXFileReference; fileEncoding = 4; lastKnownFileType = sourcecode.swift; path = PhotoLibrary.swift; sourceTree = "<group>"; };
		61CA730D29815AE800D0E6FB /* PaletteManager.swift */ = {isa = PBXFileReference; fileEncoding = 4; lastKnownFileType = sourcecode.swift; path = PaletteManager.swift; sourceTree = "<group>"; };
		61CA730E29815AE900D0E6FB /* EmojiArtDocument.swift */ = {isa = PBXFileReference; fileEncoding = 4; lastKnownFileType = sourcecode.swift; path = EmojiArtDocument.swift; sourceTree = "<group>"; };
		61CA730F29815AE900D0E6FB /* PaletteStore.swift */ = {isa = PBXFileReference; fileEncoding = 4; lastKnownFileType = sourcecode.swift; path = PaletteStore.swift; sourceTree = "<group>"; };
		61CA731029815AE900D0E6FB /* UtilityExtensions.swift */ = {isa = PBXFileReference; fileEncoding = 4; lastKnownFileType = sourcecode.swift; path = UtilityExtensions.swift; sourceTree = "<group>"; };
		61CA731129815AE900D0E6FB /* EmojiArtModel.swift */ = {isa = PBXFileReference; fileEncoding = 4; lastKnownFileType = sourcecode.swift; path = EmojiArtModel.swift; sourceTree = "<group>"; };
		61CA731229815AE900D0E6FB /* EmojiArtDocumentView.swift */ = {isa = PBXFileReference; fileEncoding = 4; lastKnownFileType = sourcecode.swift; path = EmojiArtDocumentView.swift; sourceTree = "<group>"; };
		61CA732F29815AF500D0E6FB /* Info.plist */ = {isa = PBXFileReference; lastKnownFileType = text.plist.xml; path = Info.plist; sourceTree = "<group>"; };
		61CA733229815B7100D0E6FB /* macOS.swift */ = {isa = PBXFileReference; lastKnownFileType = sourcecode.swift; path = macOS.swift; sourceTree = "<group>"; };
		61CA73352981612800D0E6FB /* iOS.swift */ = {isa = PBXFileReference; lastKnownFileType = sourcecode.swift; path = iOS.swift; sourceTree = "<group>"; };
/* End PBXFileReference section */

/* Begin PBXFrameworksBuildPhase section */
		61CA72D829815A5400D0E6FB /* Frameworks */ = {
			isa = PBXFrameworksBuildPhase;
			buildActionMask = 2147483647;
			files = (
			);
			runOnlyForDeploymentPostprocessing = 0;
		};
		61CA72F129815A7E00D0E6FB /* Frameworks */ = {
			isa = PBXFrameworksBuildPhase;
			buildActionMask = 2147483647;
			files = (
			);
			runOnlyForDeploymentPostprocessing = 0;
		};
/* End PBXFrameworksBuildPhase section */

/* Begin PBXGroup section */
		61CA72D229815A5400D0E6FB = {
			isa = PBXGroup;
			children = (
				61CA733129815B5100D0E6FB /* EmoijArt (macOS) */,
				61CA72DD29815A5400D0E6FB /* EmojiArt (Shared) */,
				61CA72F529815A7E00D0E6FB /* EmojiArt (iOS) */,
				61CA72DC29815A5400D0E6FB /* Products */,
			);
			sourceTree = "<group>";
		};
		61CA72DC29815A5400D0E6FB /* Products */ = {
			isa = PBXGroup;
			children = (
				61CA72DB29815A5400D0E6FB /* EmojiArt (macOS).app */,
				61CA72F429815A7E00D0E6FB /* EmojiArt (iOS).app */,
			);
			name = Products;
			sourceTree = "<group>";
		};
		61CA72DD29815A5400D0E6FB /* EmojiArt (Shared) */ = {
			isa = PBXGroup;
			children = (
				61CA730A29815AE800D0E6FB /* EmojiArtApp.swift */,
				61CA730E29815AE900D0E6FB /* EmojiArtDocument.swift */,
				61CA731229815AE900D0E6FB /* EmojiArtDocumentView.swift */,
				61CA730B29815AE800D0E6FB /* EmojiArtModel.Background.swift */,
				61CA731129815AE900D0E6FB /* EmojiArtModel.swift */,
				61CA730929815AE800D0E6FB /* PaletteChooser.swift */,
				61CA730729815AE700D0E6FB /* PaletteEditor.swift */,
				61CA730F29815AE900D0E6FB /* PaletteStore.swift */,
				61CA731029815AE900D0E6FB /* UtilityExtensions.swift */,
				61CA730829815AE800D0E6FB /* UtilityViews.swift */,
				61CA72E429815A5500D0E6FB /* Assets.xcassets */,
				61CA72E929815A5500D0E6FB /* Info.plist */,
				61CA72E629815A5500D0E6FB /* Preview Content */,
			);
			path = "EmojiArt (Shared)";
			sourceTree = "<group>";
		};
		61CA72E629815A5500D0E6FB /* Preview Content */ = {
			isa = PBXGroup;
			children = (
				61CA72E729815A5500D0E6FB /* Preview Assets.xcassets */,
			);
			path = "Preview Content";
			sourceTree = "<group>";
		};
		61CA72F529815A7E00D0E6FB /* EmojiArt (iOS) */ = {
			isa = PBXGroup;
			children = (
				61CA73352981612800D0E6FB /* iOS.swift */,
				61CA730629815AE700D0E6FB /* Camera.swift */,
				61CA730C29815AE800D0E6FB /* PhotoLibrary.swift */,
				61CA730D29815AE800D0E6FB /* PaletteManager.swift */,
				61CA732F29815AF500D0E6FB /* Info.plist */,
				61CA72FC29815A7F00D0E6FB /* Assets.xcassets */,
				61CA72FE29815A7F00D0E6FB /* Preview Content */,
			);
			path = "EmojiArt (iOS)";
			sourceTree = "<group>";
		};
		61CA72FE29815A7F00D0E6FB /* Preview Content */ = {
			isa = PBXGroup;
			children = (
				61CA72FF29815A7F00D0E6FB /* Preview Assets.xcassets */,
			);
			path = "Preview Content";
			sourceTree = "<group>";
		};
		61CA733129815B5100D0E6FB /* EmoijArt (macOS) */ = {
			isa = PBXGroup;
			children = (
				61CA733229815B7100D0E6FB /* macOS.swift */,
				61CA72EA29815A5500D0E6FB /* EmojiArt.entitlements */,
			);
			path = "EmoijArt (macOS)";
			sourceTree = "<group>";
		};
/* End PBXGroup section */

/* Begin PBXNativeTarget section */
		61CA72DA29815A5400D0E6FB /* EmojiArt (macOS) */ = {
			isa = PBXNativeTarget;
			buildConfigurationList = 61CA72ED29815A5500D0E6FB /* Build configuration list for PBXNativeTarget "EmojiArt (macOS)" */;
			buildPhases = (
				61CA72D729815A5400D0E6FB /* Sources */,
				61CA72D829815A5400D0E6FB /* Frameworks */,
				61CA72D929815A5400D0E6FB /* Resources */,
			);
			buildRules = (
			);
			dependencies = (
			);
			name = "EmojiArt (macOS)";
			productName = EmojiArt;
			productReference = 61CA72DB29815A5400D0E6FB /* EmojiArt (macOS).app */;
			productType = "com.apple.product-type.application";
		};
		61CA72F329815A7E00D0E6FB /* EmojiArt (iOS) */ = {
			isa = PBXNativeTarget;
			buildConfigurationList = 61CA730229815A7F00D0E6FB /* Build configuration list for PBXNativeTarget "EmojiArt (iOS)" */;
			buildPhases = (
				61CA72F029815A7E00D0E6FB /* Sources */,
				61CA72F129815A7E00D0E6FB /* Frameworks */,
				61CA72F229815A7E00D0E6FB /* Resources */,
			);
			buildRules = (
			);
			dependencies = (
			);
			name = "EmojiArt (iOS)";
			productName = "EmojiArt (iOS)";
			productReference = 61CA72F429815A7E00D0E6FB /* EmojiArt (iOS).app */;
			productType = "com.apple.product-type.application";
		};
/* End PBXNativeTarget section */

/* Begin PBXProject section */
		61CA72D329815A5400D0E6FB /* Project object */ = {
			isa = PBXProject;
			attributes = {
				BuildIndependentTargetsInParallel = 1;
				LastSwiftUpdateCheck = 1400;
				LastUpgradeCheck = 1400;
				TargetAttributes = {
					61CA72DA29815A5400D0E6FB = {
						CreatedOnToolsVersion = 14.0.1;
						LastSwiftMigration = 1400;
					};
					61CA72F329815A7E00D0E6FB = {
						CreatedOnToolsVersion = 14.0.1;
						LastSwiftMigration = 1400;
					};
				};
			};
			buildConfigurationList = 61CA72D629815A5400D0E6FB /* Build configuration list for PBXProject "EmojiArt" */;
			compatibilityVersion = "Xcode 14.0";
			developmentRegion = en;
			hasScannedForEncodings = 0;
			knownRegions = (
				en,
				Base,
			);
			mainGroup = 61CA72D229815A5400D0E6FB;
			productRefGroup = 61CA72DC29815A5400D0E6FB /* Products */;
			projectDirPath = "";
			projectRoot = "";
			targets = (
				61CA72F329815A7E00D0E6FB /* EmojiArt (iOS) */,
				61CA72DA29815A5400D0E6FB /* EmojiArt (macOS) */,
			);
		};
/* End PBXProject section */

/* Begin PBXResourcesBuildPhase section */
		61CA72D929815A5400D0E6FB /* Resources */ = {
			isa = PBXResourcesBuildPhase;
			buildActionMask = 2147483647;
			files = (
				61CA72E829815A5500D0E6FB /* Preview Assets.xcassets in Resources */,
				61CA72E529815A5500D0E6FB /* Assets.xcassets in Resources */,
			);
			runOnlyForDeploymentPostprocessing = 0;
		};
		61CA72F229815A7E00D0E6FB /* Resources */ = {
			isa = PBXResourcesBuildPhase;
			buildActionMask = 2147483647;
			files = (
				61CA730029815A7F00D0E6FB /* Preview Assets.xcassets in Resources */,
				61CA72FD29815A7F00D0E6FB /* Assets.xcassets in Resources */,
			);
			runOnlyForDeploymentPostprocessing = 0;
		};
/* End PBXResourcesBuildPhase section */

/* Begin PBXSourcesBuildPhase section */
		61CA72D729815A5400D0E6FB /* Sources */ = {
			isa = PBXSourcesBuildPhase;
			buildActionMask = 2147483647;
			files = (
				61CA731729815AE900D0E6FB /* PaletteEditor.swift in Sources */,
				61CA732729815AE900D0E6FB /* PaletteStore.swift in Sources */,
				61CA732B29815AE900D0E6FB /* EmojiArtModel.swift in Sources */,
				61CA731F29815AE900D0E6FB /* EmojiArtModel.Background.swift in Sources */,
				61CA733329815B7100D0E6FB /* macOS.swift in Sources */,
				61CA731B29815AE900D0E6FB /* PaletteChooser.swift in Sources */,
				61CA732929815AE900D0E6FB /* UtilityExtensions.swift in Sources */,
				61CA731929815AE900D0E6FB /* UtilityViews.swift in Sources */,
				61CA732D29815AE900D0E6FB /* EmojiArtDocumentView.swift in Sources */,
				61CA732529815AE900D0E6FB /* EmojiArtDocument.swift in Sources */,
				61CA731D29815AE900D0E6FB /* EmojiArtApp.swift in Sources */,
			);
			runOnlyForDeploymentPostprocessing = 0;
		};
		61CA72F029815A7E00D0E6FB /* Sources */ = {
			isa = PBXSourcesBuildPhase;
			buildActionMask = 2147483647;
			files = (
				61CA731829815AE900D0E6FB /* PaletteEditor.swift in Sources */,
				61CA732829815AE900D0E6FB /* PaletteStore.swift in Sources */,
				61CA732C29815AE900D0E6FB /* EmojiArtModel.swift in Sources */,
				61CA732429815AE900D0E6FB /* PaletteManager.swift in Sources */,
				61CA732029815AE900D0E6FB /* EmojiArtModel.Background.swift in Sources */,
				61CA731C29815AE900D0E6FB /* PaletteChooser.swift in Sources */,
				61CA731629815AE900D0E6FB /* Camera.swift in Sources */,
				61CA73362981612800D0E6FB /* iOS.swift in Sources */,
				61CA732229815AE900D0E6FB /* PhotoLibrary.swift in Sources */,
				61CA732A29815AE900D0E6FB /* UtilityExtensions.swift in Sources */,
				61CA731A29815AE900D0E6FB /* UtilityViews.swift in Sources */,
				61CA732E29815AE900D0E6FB /* EmojiArtDocumentView.swift in Sources */,
				61CA732629815AE900D0E6FB /* EmojiArtDocument.swift in Sources */,
				61CA731E29815AE900D0E6FB /* EmojiArtApp.swift in Sources */,
			);
			runOnlyForDeploymentPostprocessing = 0;
		};
/* End PBXSourcesBuildPhase section */

/* Begin XCBuildConfiguration section */
		61CA72EB29815A5500D0E6FB /* Debug */ = {
			isa = XCBuildConfiguration;
			buildSettings = {
				ALWAYS_SEARCH_USER_PATHS = NO;
				CLANG_ANALYZER_NONNULL = YES;
				CLANG_ANALYZER_NUMBER_OBJECT_CONVERSION = YES_AGGRESSIVE;
				CLANG_CXX_LANGUAGE_STANDARD = "gnu++20";
				CLANG_ENABLE_MODULES = YES;
				CLANG_ENABLE_OBJC_ARC = YES;
				CLANG_ENABLE_OBJC_WEAK = YES;
				CLANG_WARN_BLOCK_CAPTURE_AUTORELEASING = YES;
				CLANG_WARN_BOOL_CONVERSION = YES;
				CLANG_WARN_COMMA = YES;
				CLANG_WARN_CONSTANT_CONVERSION = YES;
				CLANG_WARN_DEPRECATED_OBJC_IMPLEMENTATIONS = YES;
				CLANG_WARN_DIRECT_OBJC_ISA_USAGE = YES_ERROR;
				CLANG_WARN_DOCUMENTATION_COMMENTS = YES;
				CLANG_WARN_EMPTY_BODY = YES;
				CLANG_WARN_ENUM_CONVERSION = YES;
				CLANG_WARN_INFINITE_RECURSION = YES;
				CLANG_WARN_INT_CONVERSION = YES;
				CLANG_WARN_NON_LITERAL_NULL_CONVERSION = YES;
				CLANG_WARN_OBJC_IMPLICIT_RETAIN_SELF = YES;
				CLANG_WARN_OBJC_LITERAL_CONVERSION = YES;
				CLANG_WARN_OBJC_ROOT_CLASS = YES_ERROR;
				CLANG_WARN_QUOTED_INCLUDE_IN_FRAMEWORK_HEADER = YES;
				CLANG_WARN_RANGE_LOOP_ANALYSIS = YES;
				CLANG_WARN_STRICT_PROTOTYPES = YES;
				CLANG_WARN_SUSPICIOUS_MOVE = YES;
				CLANG_WARN_UNGUARDED_AVAILABILITY = YES_AGGRESSIVE;
				CLANG_WARN_UNREACHABLE_CODE = YES;
				CLANG_WARN__DUPLICATE_METHOD_MATCH = YES;
				COPY_PHASE_STRIP = NO;
				DEBUG_INFORMATION_FORMAT = dwarf;
				ENABLE_STRICT_OBJC_MSGSEND = YES;
				ENABLE_TESTABILITY = YES;
				GCC_C_LANGUAGE_STANDARD = gnu11;
				GCC_DYNAMIC_NO_PIC = NO;
				GCC_NO_COMMON_BLOCKS = YES;
				GCC_OPTIMIZATION_LEVEL = 0;
				GCC_PREPROCESSOR_DEFINITIONS = (
					"DEBUG=1",
					"$(inherited)",
				);
				GCC_WARN_64_TO_32_BIT_CONVERSION = YES;
				GCC_WARN_ABOUT_RETURN_TYPE = YES_ERROR;
				GCC_WARN_UNDECLARED_SELECTOR = YES;
				GCC_WARN_UNINITIALIZED_AUTOS = YES_AGGRESSIVE;
				GCC_WARN_UNUSED_FUNCTION = YES;
				GCC_WARN_UNUSED_VARIABLE = YES;
				MACOSX_DEPLOYMENT_TARGET = 12.3;
				MTL_ENABLE_DEBUG_INFO = INCLUDE_SOURCE;
				MTL_FAST_MATH = YES;
				ONLY_ACTIVE_ARCH = YES;
				SDKROOT = macosx;
				SWIFT_ACTIVE_COMPILATION_CONDITIONS = DEBUG;
				SWIFT_OPTIMIZATION_LEVEL = "-Onone";
			};
			name = Debug;
		};
		61CA72EC29815A5500D0E6FB /* Release */ = {
			isa = XCBuildConfiguration;
			buildSettings = {
				ALWAYS_SEARCH_USER_PATHS = NO;
				CLANG_ANALYZER_NONNULL = YES;
				CLANG_ANALYZER_NUMBER_OBJECT_CONVERSION = YES_AGGRESSIVE;
				CLANG_CXX_LANGUAGE_STANDARD = "gnu++20";
				CLANG_ENABLE_MODULES = YES;
				CLANG_ENABLE_OBJC_ARC = YES;
				CLANG_ENABLE_OBJC_WEAK = YES;
				CLANG_WARN_BLOCK_CAPTURE_AUTORELEASING = YES;
				CLANG_WARN_BOOL_CONVERSION = YES;
				CLANG_WARN_COMMA = YES;
				CLANG_WARN_CONSTANT_CONVERSION = YES;
				CLANG_WARN_DEPRECATED_OBJC_IMPLEMENTATIONS = YES;
				CLANG_WARN_DIRECT_OBJC_ISA_USAGE = YES_ERROR;
				CLANG_WARN_DOCUMENTATION_COMMENTS = YES;
				CLANG_WARN_EMPTY_BODY = YES;
				CLANG_WARN_ENUM_CONVERSION = YES;
				CLANG_WARN_INFINITE_RECURSION = YES;
				CLANG_WARN_INT_CONVERSION = YES;
				CLANG_WARN_NON_LITERAL_NULL_CONVERSION = YES;
				CLANG_WARN_OBJC_IMPLICIT_RETAIN_SELF = YES;
				CLANG_WARN_OBJC_LITERAL_CONVERSION = YES;
				CLANG_WARN_OBJC_ROOT_CLASS = YES_ERROR;
				CLANG_WARN_QUOTED_INCLUDE_IN_FRAMEWORK_HEADER = YES;
				CLANG_WARN_RANGE_LOOP_ANALYSIS = YES;
				CLANG_WARN_STRICT_PROTOTYPES = YES;
				CLANG_WARN_SUSPICIOUS_MOVE = YES;
				CLANG_WARN_UNGUARDED_AVAILABILITY = YES_AGGRESSIVE;
				CLANG_WARN_UNREACHABLE_CODE = YES;
				CLANG_WARN__DUPLICATE_METHOD_MATCH = YES;
				COPY_PHASE_STRIP = NO;
				DEBUG_INFORMATION_FORMAT = "dwarf-with-dsym";
				ENABLE_NS_ASSERTIONS = NO;
				ENABLE_STRICT_OBJC_MSGSEND = YES;
				GCC_C_LANGUAGE_STANDARD = gnu11;
				GCC_NO_COMMON_BLOCKS = YES;
				GCC_WARN_64_TO_32_BIT_CONVERSION = YES;
				GCC_WARN_ABOUT_RETURN_TYPE = YES_ERROR;
				GCC_WARN_UNDECLARED_SELECTOR = YES;
				GCC_WARN_UNINITIALIZED_AUTOS = YES_AGGRESSIVE;
				GCC_WARN_UNUSED_FUNCTION = YES;
				GCC_WARN_UNUSED_VARIABLE = YES;
				MACOSX_DEPLOYMENT_TARGET = 12.3;
				MTL_ENABLE_DEBUG_INFO = NO;
				MTL_FAST_MATH = YES;
				SDKROOT = macosx;
				SWIFT_COMPILATION_MODE = wholemodule;
				SWIFT_OPTIMIZATION_LEVEL = "-O";
			};
			name = Release;
		};
		61CA72EE29815A5500D0E6FB /* Debug */ = {
			isa = XCBuildConfiguration;
			buildSettings = {
				ASSETCATALOG_COMPILER_APPICON_NAME = AppIcon;
				ASSETCATALOG_COMPILER_GLOBAL_ACCENT_COLOR_NAME = AccentColor;
				CLANG_ENABLE_MODULES = YES;
				CODE_SIGN_ENTITLEMENTS = EmojiArt.entitlements;
				"CODE_SIGN_ENTITLEMENTS[sdk=*]" = EmojiArt.entitlements;
				CODE_SIGN_STYLE = Automatic;
				COMBINE_HIDPI_IMAGES = YES;
				CURRENT_PROJECT_VERSION = 1;
				DEVELOPMENT_ASSET_PATHS = "\"EmojiArt/Preview Content\"";
				DEVELOPMENT_TEAM = 9JF99T9A6L;
				ENABLE_APP_SANDBOX = YES;
				ENABLE_HARDENED_RUNTIME = YES;
				ENABLE_PREVIEWS = YES;
				ENABLE_USER_SELECTED_FILES = readwrite;
				GENERATE_INFOPLIST_FILE = YES;
				INFOPLIST_FILE = EmojiArt/Info.plist;
				INFOPLIST_KEY_NSHumanReadableCopyright = "";
				LD_RUNPATH_SEARCH_PATHS = (
					"$(inherited)",
					"@executable_path/../Frameworks",
				);
				MARKETING_VERSION = 1.0;
				PRODUCT_BUNDLE_IDENTIFIER = com.stanford.cs193p.EmojiArt;
				PRODUCT_NAME = "$(TARGET_NAME)";
				SWIFT_EMIT_LOC_STRINGS = YES;
				SWIFT_OPTIMIZATION_LEVEL = "-Onone";
				SWIFT_VERSION = 5.0;
			};
			name = Debug;
		};
		61CA72EF29815A5500D0E6FB /* Release */ = {
			isa = XCBuildConfiguration;
			buildSettings = {
				ASSETCATALOG_COMPILER_APPICON_NAME = AppIcon;
				ASSETCATALOG_COMPILER_GLOBAL_ACCENT_COLOR_NAME = AccentColor;
				CLANG_ENABLE_MODULES = YES;
				CODE_SIGN_ENTITLEMENTS = EmojiArt.entitlements;
				"CODE_SIGN_ENTITLEMENTS[sdk=*]" = EmojiArt.entitlements;
				"CODE_SIGN_IDENTITY[sdk=macosx*]" = "Apple Development";
				CODE_SIGN_STYLE = Automatic;
				COMBINE_HIDPI_IMAGES = YES;
				CURRENT_PROJECT_VERSION = 1;
				DEVELOPMENT_ASSET_PATHS = "\"EmojiArt/Preview Content\"";
				DEVELOPMENT_TEAM = 9JF99T9A6L;
				ENABLE_APP_SANDBOX = YES;
				ENABLE_HARDENED_RUNTIME = YES;
				ENABLE_PREVIEWS = YES;
				ENABLE_USER_SELECTED_FILES = readwrite;
				GENERATE_INFOPLIST_FILE = YES;
				INFOPLIST_FILE = EmojiArt/Info.plist;
				INFOPLIST_KEY_NSHumanReadableCopyright = "";
				LD_RUNPATH_SEARCH_PATHS = (
					"$(inherited)",
					"@executable_path/../Frameworks",
				);
				MARKETING_VERSION = 1.0;
				PRODUCT_BUNDLE_IDENTIFIER = com.stanford.cs193p.EmojiArt;
				PRODUCT_NAME = "$(TARGET_NAME)";
				SWIFT_EMIT_LOC_STRINGS = YES;
				SWIFT_VERSION = 5.0;
			};
			name = Release;
		};
		61CA730329815A7F00D0E6FB /* Debug */ = {
			isa = XCBuildConfiguration;
			buildSettings = {
				ASSETCATALOG_COMPILER_APPICON_NAME = AppIcon;
				ASSETCATALOG_COMPILER_GLOBAL_ACCENT_COLOR_NAME = AccentColor;
				CLANG_ENABLE_MODULES = YES;
				CODE_SIGN_STYLE = Automatic;
				CURRENT_PROJECT_VERSION = 1;
				DEVELOPMENT_ASSET_PATHS = "\"EmojiArt (iOS)/Preview Content\"";
				DEVELOPMENT_TEAM = 9JF99T9A6L;
				ENABLE_PREVIEWS = YES;
				GENERATE_INFOPLIST_FILE = YES;
				INFOPLIST_FILE = "EmojiArt (iOS)/Info.plist";
				INFOPLIST_KEY_UIApplicationSceneManifest_Generation = YES;
				INFOPLIST_KEY_UIApplicationSupportsIndirectInputEvents = YES;
				INFOPLIST_KEY_UILaunchScreen_Generation = YES;
				INFOPLIST_KEY_UISupportedInterfaceOrientations_iPad = "UIInterfaceOrientationPortrait UIInterfaceOrientationPortraitUpsideDown UIInterfaceOrientationLandscapeLeft UIInterfaceOrientationLandscapeRight";
				INFOPLIST_KEY_UISupportedInterfaceOrientations_iPhone = "UIInterfaceOrientationPortrait UIInterfaceOrientationLandscapeLeft UIInterfaceOrientationLandscapeRight";
				INFOPLIST_KEY_UISupportsDocumentBrowser = YES;
				IPHONEOS_DEPLOYMENT_TARGET = 16.0;
				LD_RUNPATH_SEARCH_PATHS = (
					"$(inherited)",
					"@executable_path/Frameworks",
				);
				MARKETING_VERSION = 1.0;
				PRODUCT_BUNDLE_IDENTIFIER = "com.stanford.cs193p.EmojiArt--iOS-";
				PRODUCT_NAME = "$(TARGET_NAME)";
				SDKROOT = iphoneos;
				SWIFT_EMIT_LOC_STRINGS = YES;
				SWIFT_OPTIMIZATION_LEVEL = "-Onone";
				SWIFT_VERSION = 5.0;
				TARGETED_DEVICE_FAMILY = "1,2";
			};
			name = Debug;
		};
		61CA730429815A7F00D0E6FB /* Release */ = {
			isa = XCBuildConfiguration;
			buildSettings = {
				ASSETCATALOG_COMPILER_APPICON_NAME = AppIcon;
				ASSETCATALOG_COMPILER_GLOBAL_ACCENT_COLOR_NAME = AccentColor;
				CLANG_ENABLE_MODULES = YES;
				CODE_SIGN_STYLE = Automatic;
				CURRENT_PROJECT_VERSION = 1;
				DEVELOPMENT_ASSET_PATHS = "\"EmojiArt (iOS)/Preview Content\"";
				DEVELOPMENT_TEAM = 9JF99T9A6L;
				ENABLE_PREVIEWS = YES;
				GENERATE_INFOPLIST_FILE = YES;
				INFOPLIST_FILE = "EmojiArt (iOS)/Info.plist";
				INFOPLIST_KEY_UIApplicationSceneManifest_Generation = YES;
				INFOPLIST_KEY_UIApplicationSupportsIndirectInputEvents = YES;
				INFOPLIST_KEY_UILaunchScreen_Generation = YES;
				INFOPLIST_KEY_UISupportedInterfaceOrientations_iPad = "UIInterfaceOrientationPortrait UIInterfaceOrientationPortraitUpsideDown UIInterfaceOrientationLandscapeLeft UIInterfaceOrientationLandscapeRight";
				INFOPLIST_KEY_UISupportedInterfaceOrientations_iPhone = "UIInterfaceOrientationPortrait UIInterfaceOrientationLandscapeLeft UIInterfaceOrientationLandscapeRight";
				INFOPLIST_KEY_UISupportsDocumentBrowser = YES;
				IPHONEOS_DEPLOYMENT_TARGET = 16.0;
				LD_RUNPATH_SEARCH_PATHS = (
					"$(inherited)",
					"@executable_path/Frameworks",
				);
				MARKETING_VERSION = 1.0;
				PRODUCT_BUNDLE_IDENTIFIER = "com.stanford.cs193p.EmojiArt--iOS-";
				PRODUCT_NAME = "$(TARGET_NAME)";
				SDKROOT = iphoneos;
				SWIFT_EMIT_LOC_STRINGS = YES;
				SWIFT_VERSION = 5.0;
				TARGETED_DEVICE_FAMILY = "1,2";
				VALIDATE_PRODUCT = YES;
			};
			name = Release;
		};
/* End XCBuildConfiguration section */

/* Begin XCConfigurationList section */
		61CA72D629815A5400D0E6FB /* Build configuration list for PBXProject "EmojiArt" */ = {
			isa = XCConfigurationList;
			buildConfigurations = (
				61CA72EB29815A5500D0E6FB /* Debug */,
				61CA72EC29815A5500D0E6FB /* Release */,
			);
			defaultConfigurationIsVisible = 0;
			defaultConfigurationName = Release;
		};
		61CA72ED29815A5500D0E6FB /* Build configuration list for PBXNativeTarget "EmojiArt (macOS)" */ = {
			isa = XCConfigurationList;
			buildConfigurations = (
				61CA72EE29815A5500D0E6FB /* Debug */,
				61CA72EF29815A5500D0E6FB /* Release */,
			);
			defaultConfigurationIsVisible = 0;
			defaultConfigurationName = Release;
		};
		61CA730229815A7F00D0E6FB /* Build configuration list for PBXNativeTarget "EmojiArt (iOS)" */ = {
			isa = XCConfigurationList;
			buildConfigurations = (
				61CA730329815A7F00D0E6FB /* Debug */,
				61CA730429815A7F00D0E6FB /* Release */,
			);
			defaultConfigurationIsVisible = 0;
			defaultConfigurationName = Release;
		};
/* End XCConfigurationList section */
	};
	rootObject = 61CA72D329815A5400D0E6FB /* Project object */;
}
