// !$*UTF8*$!
{
	archiveVersion = 1;
	classes = {
	};
	objectVersion = 56;
	objects = {

/* Begin PBXBuildFile section */
		616B9DDA29FAB1BA00F42E75 /* EmojiArtApp.swift in Sources */ = {isa = PBXBuildFile; fileRef = 616B9DD929FAB1BA00F42E75 /* EmojiArtApp.swift */; };
		616B9DDC29FAB1BA00F42E75 /* EmojiArtDocumentView.swift in Sources */ = {isa = PBXBuildFile; fileRef = 616B9DDB29FAB1BA00F42E75 /* EmojiArtDocumentView.swift */; };
		616B9DDE29FAB1BB00F42E75 /* Assets.xcassets in Resources */ = {isa = PBXBuildFile; fileRef = 616B9DDD29FAB1BB00F42E75 /* Assets.xcassets */; };
		616B9DE129FAB1BB00F42E75 /* Preview Assets.xcassets in Resources */ = {isa = PBXBuildFile; fileRef = 616B9DE029FAB1BB00F42E75 /* Preview Assets.xcassets */; };
		616B9DE829FAB25800F42E75 /* EmojiArtDocument.swift in Sources */ = {isa = PBXBuildFile; fileRef = 616B9DE729FAB25800F42E75 /* EmojiArtDocument.swift */; };
		616B9DEA29FABFE600F42E75 /* EmojiArt.swift in Sources */ = {isa = PBXBuildFile; fileRef = 616B9DE929FABFE600F42E75 /* EmojiArt.swift */; };
		616B9DEC29FAC72000F42E75 /* EmojiArtExtensions.swift in Sources */ = {isa = PBXBuildFile; fileRef = 616B9DEB29FAC72000F42E75 /* EmojiArtExtensions.swift */; };
		61A233452A2DC6A8002FE119 /* PaletteChooser.swift in Sources */ = {isa = PBXBuildFile; fileRef = 61A233442A2DC6A8002FE119 /* PaletteChooser.swift */; };
		61A233472A2DCB69002FE119 /* EmojiArtDocumentPalette.swift in Sources */ = {isa = PBXBuildFile; fileRef = 61A233462A2DCB69002FE119 /* EmojiArtDocumentPalette.swift */; };
		61BA55992A0AAA4B0091B2B9 /* OptionalImage.swift in Sources */ = {isa = PBXBuildFile; fileRef = 61BA55982A0AAA4B0091B2B9 /* OptionalImage.swift */; };
		61BA559B2A0AD32A0091B2B9 /* AnimatableSystemFontModifier.swift in Sources */ = {isa = PBXBuildFile; fileRef = 61BA559A2A0AD32A0091B2B9 /* AnimatableSystemFontModifier.swift */; };
		61DB90382A2B9EA80036D717 /* Spinning.swift in Sources */ = {isa = PBXBuildFile; fileRef = 61DB90372A2B9EA80036D717 /* Spinning.swift */; };
/* End PBXBuildFile section */

/* Begin PBXFileReference section */
		616B9DD629FAB1BA00F42E75 /* EmojiArt.app */ = {isa = PBXFileReference; explicitFileType = wrapper.application; includeInIndex = 0; path = EmojiArt.app; sourceTree = BUILT_PRODUCTS_DIR; };
		616B9DD929FAB1BA00F42E75 /* EmojiArtApp.swift */ = {isa = PBXFileReference; lastKnownFileType = sourcecode.swift; path = EmojiArtApp.swift; sourceTree = "<group>"; };
		616B9DDB29FAB1BA00F42E75 /* EmojiArtDocumentView.swift */ = {isa = PBXFileReference; lastKnownFileType = sourcecode.swift; path = EmojiArtDocumentView.swift; sourceTree = "<group>"; };
		616B9DDD29FAB1BB00F42E75 /* Assets.xcassets */ = {isa = PBXFileReference; lastKnownFileType = folder.assetcatalog; path = Assets.xcassets; sourceTree = "<group>"; };
		616B9DE029FAB1BB00F42E75 /* Preview Assets.xcassets */ = {isa = PBXFileReference; lastKnownFileType = folder.assetcatalog; path = "Preview Assets.xcassets"; sourceTree = "<group>"; };
		616B9DE729FAB25800F42E75 /* EmojiArtDocument.swift */ = {isa = PBXFileReference; lastKnownFileType = sourcecode.swift; path = EmojiArtDocument.swift; sourceTree = "<group>"; };
		616B9DE929FABFE600F42E75 /* EmojiArt.swift */ = {isa = PBXFileReference; lastKnownFileType = sourcecode.swift; path = EmojiArt.swift; sourceTree = "<group>"; };
		616B9DEB29FAC72000F42E75 /* EmojiArtExtensions.swift */ = {isa = PBXFileReference; fileEncoding = 4; lastKnownFileType = sourcecode.swift; path = EmojiArtExtensions.swift; sourceTree = "<group>"; };
		61A233442A2DC6A8002FE119 /* PaletteChooser.swift */ = {isa = PBXFileReference; lastKnownFileType = sourcecode.swift; path = PaletteChooser.swift; sourceTree = "<group>"; };
		61A233462A2DCB69002FE119 /* EmojiArtDocumentPalette.swift */ = {isa = PBXFileReference; fileEncoding = 4; lastKnownFileType = sourcecode.swift; path = EmojiArtDocumentPalette.swift; sourceTree = "<group>"; };
		61BA55982A0AAA4B0091B2B9 /* OptionalImage.swift */ = {isa = PBXFileReference; lastKnownFileType = sourcecode.swift; path = OptionalImage.swift; sourceTree = "<group>"; };
		61BA559A2A0AD32A0091B2B9 /* AnimatableSystemFontModifier.swift */ = {isa = PBXFileReference; fileEncoding = 4; lastKnownFileType = sourcecode.swift; path = AnimatableSystemFontModifier.swift; sourceTree = "<group>"; };
		61DB90372A2B9EA80036D717 /* Spinning.swift */ = {isa = PBXFileReference; lastKnownFileType = sourcecode.swift; path = Spinning.swift; sourceTree = "<group>"; };
/* End PBXFileReference section */

/* Begin PBXFrameworksBuildPhase section */
		616B9DD329FAB1BA00F42E75 /* Frameworks */ = {
			isa = PBXFrameworksBuildPhase;
			buildActionMask = 2147483647;
			files = (
			);
			runOnlyForDeploymentPostprocessing = 0;
		};
/* End PBXFrameworksBuildPhase section */

/* Begin PBXGroup section */
		616B9DCD29FAB1BA00F42E75 = {
			isa = PBXGroup;
			children = (
				616B9DD829FAB1BA00F42E75 /* EmojiArt */,
				616B9DD729FAB1BA00F42E75 /* Products */,
			);
			sourceTree = "<group>";
		};
		616B9DD729FAB1BA00F42E75 /* Products */ = {
			isa = PBXGroup;
			children = (
				616B9DD629FAB1BA00F42E75 /* EmojiArt.app */,
			);
			name = Products;
			sourceTree = "<group>";
		};
		616B9DD829FAB1BA00F42E75 /* EmojiArt */ = {
			isa = PBXGroup;
			children = (
				61A233442A2DC6A8002FE119 /* PaletteChooser.swift */,
				61DB90372A2B9EA80036D717 /* Spinning.swift */,
				61BA55982A0AAA4B0091B2B9 /* OptionalImage.swift */,
				616B9DE929FABFE600F42E75 /* EmojiArt.swift */,
				61A233462A2DCB69002FE119 /* EmojiArtDocumentPalette.swift */,
				616B9DD929FAB1BA00F42E75 /* EmojiArtApp.swift */,
				616B9DDB29FAB1BA00F42E75 /* EmojiArtDocumentView.swift */,
				616B9DEB29FAC72000F42E75 /* EmojiArtExtensions.swift */,
				616B9DE729FAB25800F42E75 /* EmojiArtDocument.swift */,
				61BA559A2A0AD32A0091B2B9 /* AnimatableSystemFontModifier.swift */,
				616B9DDD29FAB1BB00F42E75 /* Assets.xcassets */,
				616B9DDF29FAB1BB00F42E75 /* Preview Content */,
			);
			path = EmojiArt;
			sourceTree = "<group>";
		};
		616B9DDF29FAB1BB00F42E75 /* Preview Content */ = {
			isa = PBXGroup;
			children = (
				616B9DE029FAB1BB00F42E75 /* Preview Assets.xcassets */,
			);
			path = "Preview Content";
			sourceTree = "<group>";
		};
/* End PBXGroup section */

/* Begin PBXNativeTarget section */
		616B9DD529FAB1BA00F42E75 /* EmojiArt */ = {
			isa = PBXNativeTarget;
			buildConfigurationList = 616B9DE429FAB1BB00F42E75 /* Build configuration list for PBXNativeTarget "EmojiArt" */;
			buildPhases = (
				616B9DD229FAB1BA00F42E75 /* Sources */,
				616B9DD329FAB1BA00F42E75 /* Frameworks */,
				616B9DD429FAB1BA00F42E75 /* Resources */,
			);
			buildRules = (
			);
			dependencies = (
			);
			name = EmojiArt;
			productName = EmojiArt;
			productReference = 616B9DD629FAB1BA00F42E75 /* EmojiArt.app */;
			productType = "com.apple.product-type.application";
		};
/* End PBXNativeTarget section */

/* Begin PBXProject section */
		616B9DCE29FAB1BA00F42E75 /* Project object */ = {
			isa = PBXProject;
			attributes = {
				BuildIndependentTargetsInParallel = 1;
				LastSwiftUpdateCheck = 1400;
				LastUpgradeCheck = 1400;
				TargetAttributes = {
					616B9DD529FAB1BA00F42E75 = {
						CreatedOnToolsVersion = 14.0.1;
					};
				};
			};
			buildConfigurationList = 616B9DD129FAB1BA00F42E75 /* Build configuration list for PBXProject "EmojiArt" */;
			compatibilityVersion = "Xcode 14.0";
			developmentRegion = en;
			hasScannedForEncodings = 0;
			knownRegions = (
				en,
				Base,
			);
			mainGroup = 616B9DCD29FAB1BA00F42E75;
			productRefGroup = 616B9DD729FAB1BA00F42E75 /* Products */;
			projectDirPath = "";
			projectRoot = "";
			targets = (
				616B9DD529FAB1BA00F42E75 /* EmojiArt */,
			);
		};
/* End PBXProject section */

/* Begin PBXResourcesBuildPhase section */
		616B9DD429FAB1BA00F42E75 /* Resources */ = {
			isa = PBXResourcesBuildPhase;
			buildActionMask = 2147483647;
			files = (
				616B9DE129FAB1BB00F42E75 /* Preview Assets.xcassets in Resources */,
				616B9DDE29FAB1BB00F42E75 /* Assets.xcassets in Resources */,
			);
			runOnlyForDeploymentPostprocessing = 0;
		};
/* End PBXResourcesBuildPhase section */

/* Begin PBXSourcesBuildPhase section */
		616B9DD229FAB1BA00F42E75 /* Sources */ = {
			isa = PBXSourcesBuildPhase;
			buildActionMask = 2147483647;
			files = (
				61BA559B2A0AD32A0091B2B9 /* AnimatableSystemFontModifier.swift in Sources */,
				616B9DEA29FABFE600F42E75 /* EmojiArt.swift in Sources */,
				616B9DEC29FAC72000F42E75 /* EmojiArtExtensions.swift in Sources */,
				616B9DDC29FAB1BA00F42E75 /* EmojiArtDocumentView.swift in Sources */,
				61BA55992A0AAA4B0091B2B9 /* OptionalImage.swift in Sources */,
				61A233472A2DCB69002FE119 /* EmojiArtDocumentPalette.swift in Sources */,
				616B9DDA29FAB1BA00F42E75 /* EmojiArtApp.swift in Sources */,
				616B9DE829FAB25800F42E75 /* EmojiArtDocument.swift in Sources */,
				61DB90382A2B9EA80036D717 /* Spinning.swift in Sources */,
				61A233452A2DC6A8002FE119 /* PaletteChooser.swift in Sources */,
			);
			runOnlyForDeploymentPostprocessing = 0;
		};
/* End PBXSourcesBuildPhase section */

/* Begin XCBuildConfiguration section */
		616B9DE229FAB1BB00F42E75 /* Debug */ = {
			isa = XCBuildConfiguration;
			buildSettings = {
				ALWAYS_SEARCH_USER_PATHS = NO;
				CLANG_ANALYZER_NONNULL = YES;
				CLANG_ANALYZER_NUMBER_OBJECT_CONVERSION = YES_AGGRESSIVE;
				CLANG_CXX_LANGUAGE_STANDARD = "gnu++20";
				CLANG_ENABLE_MODULES = YES;
				CLANG_ENABLE_OBJC_ARC = YES;
				CLANG_ENABLE_OBJC_WEAK = YES;
				CLANG_WARN_BLOCK_CAPTURE_AUTORELEASING = YES;
				CLANG_WARN_BOOL_CONVERSION = YES;
				CLANG_WARN_COMMA = YES;
				CLANG_WARN_CONSTANT_CONVERSION = YES;
				CLANG_WARN_DEPRECATED_OBJC_IMPLEMENTATIONS = YES;
				CLANG_WARN_DIRECT_OBJC_ISA_USAGE = YES_ERROR;
				CLANG_WARN_DOCUMENTATION_COMMENTS = YES;
				CLANG_WARN_EMPTY_BODY = YES;
				CLANG_WARN_ENUM_CONVERSION = YES;
				CLANG_WARN_INFINITE_RECURSION = YES;
				CLANG_WARN_INT_CONVERSION = YES;
				CLANG_WARN_NON_LITERAL_NULL_CONVERSION = YES;
				CLANG_WARN_OBJC_IMPLICIT_RETAIN_SELF = YES;
				CLANG_WARN_OBJC_LITERAL_CONVERSION = YES;
				CLANG_WARN_OBJC_ROOT_CLASS = YES_ERROR;
				CLANG_WARN_QUOTED_INCLUDE_IN_FRAMEWORK_HEADER = YES;
				CLANG_WARN_RANGE_LOOP_ANALYSIS = YES;
				CLANG_WARN_STRICT_PROTOTYPES = YES;
				CLANG_WARN_SUSPICIOUS_MOVE = YES;
				CLANG_WARN_UNGUARDED_AVAILABILITY = YES_AGGRESSIVE;
				CLANG_WARN_UNREACHABLE_CODE = YES;
				CLANG_WARN__DUPLICATE_METHOD_MATCH = YES;
				COPY_PHASE_STRIP = NO;
				DEBUG_INFORMATION_FORMAT = dwarf;
				ENABLE_STRICT_OBJC_MSGSEND = YES;
				ENABLE_TESTABILITY = YES;
				GCC_C_LANGUAGE_STANDARD = gnu11;
				GCC_DYNAMIC_NO_PIC = NO;
				GCC_NO_COMMON_BLOCKS = YES;
				GCC_OPTIMIZATION_LEVEL = 0;
				GCC_PREPROCESSOR_DEFINITIONS = (
					"DEBUG=1",
					"$(inherited)",
				);
				GCC_WARN_64_TO_32_BIT_CONVERSION = YES;
				GCC_WARN_ABOUT_RETURN_TYPE = YES_ERROR;
				GCC_WARN_UNDECLARED_SELECTOR = YES;
				GCC_WARN_UNINITIALIZED_AUTOS = YES_AGGRESSIVE;
				GCC_WARN_UNUSED_FUNCTION = YES;
				GCC_WARN_UNUSED_VARIABLE = YES;
				IPHONEOS_DEPLOYMENT_TARGET = 16.0;
				MTL_ENABLE_DEBUG_INFO = INCLUDE_SOURCE;
				MTL_FAST_MATH = YES;
				ONLY_ACTIVE_ARCH = YES;
				SDKROOT = iphoneos;
				SWIFT_ACTIVE_COMPILATION_CONDITIONS = DEBUG;
				SWIFT_OPTIMIZATION_LEVEL = "-Onone";
			};
			name = Debug;
		};
		616B9DE329FAB1BB00F42E75 /* Release */ = {
			isa = XCBuildConfiguration;
			buildSettings = {
				ALWAYS_SEARCH_USER_PATHS = NO;
				CLANG_ANALYZER_NONNULL = YES;
				CLANG_ANALYZER_NUMBER_OBJECT_CONVERSION = YES_AGGRESSIVE;
				CLANG_CXX_LANGUAGE_STANDARD = "gnu++20";
				CLANG_ENABLE_MODULES = YES;
				CLANG_ENABLE_OBJC_ARC = YES;
				CLANG_ENABLE_OBJC_WEAK = YES;
				CLANG_WARN_BLOCK_CAPTURE_AUTORELEASING = YES;
				CLANG_WARN_BOOL_CONVERSION = YES;
				CLANG_WARN_COMMA = YES;
				CLANG_WARN_CONSTANT_CONVERSION = YES;
				CLANG_WARN_DEPRECATED_OBJC_IMPLEMENTATIONS = YES;
				CLANG_WARN_DIRECT_OBJC_ISA_USAGE = YES_ERROR;
				CLANG_WARN_DOCUMENTATION_COMMENTS = YES;
				CLANG_WARN_EMPTY_BODY = YES;
				CLANG_WARN_ENUM_CONVERSION = YES;
				CLANG_WARN_INFINITE_RECURSION = YES;
				CLANG_WARN_INT_CONVERSION = YES;
				CLANG_WARN_NON_LITERAL_NULL_CONVERSION = YES;
				CLANG_WARN_OBJC_IMPLICIT_RETAIN_SELF = YES;
				CLANG_WARN_OBJC_LITERAL_CONVERSION = YES;
				CLANG_WARN_OBJC_ROOT_CLASS = YES_ERROR;
				CLANG_WARN_QUOTED_INCLUDE_IN_FRAMEWORK_HEADER = YES;
				CLANG_WARN_RANGE_LOOP_ANALYSIS = YES;
				CLANG_WARN_STRICT_PROTOTYPES = YES;
				CLANG_WARN_SUSPICIOUS_MOVE = YES;
				CLANG_WARN_UNGUARDED_AVAILABILITY = YES_AGGRESSIVE;
				CLANG_WARN_UNREACHABLE_CODE = YES;
				CLANG_WARN__DUPLICATE_METHOD_MATCH = YES;
				COPY_PHASE_STRIP = NO;
				DEBUG_INFORMATION_FORMAT = "dwarf-with-dsym";
				ENABLE_NS_ASSERTIONS = NO;
				ENABLE_STRICT_OBJC_MSGSEND = YES;
				GCC_C_LANGUAGE_STANDARD = gnu11;
				GCC_NO_COMMON_BLOCKS = YES;
				GCC_WARN_64_TO_32_BIT_CONVERSION = YES;
				GCC_WARN_ABOUT_RETURN_TYPE = YES_ERROR;
				GCC_WARN_UNDECLARED_SELECTOR = YES;
				GCC_WARN_UNINITIALIZED_AUTOS = YES_AGGRESSIVE;
				GCC_WARN_UNUSED_FUNCTION = YES;
				GCC_WARN_UNUSED_VARIABLE = YES;
				IPHONEOS_DEPLOYMENT_TARGET = 16.0;
				MTL_ENABLE_DEBUG_INFO = NO;
				MTL_FAST_MATH = YES;
				SDKROOT = iphoneos;
				SWIFT_COMPILATION_MODE = wholemodule;
				SWIFT_OPTIMIZATION_LEVEL = "-O";
				VALIDATE_PRODUCT = YES;
			};
			name = Release;
		};
		616B9DE529FAB1BB00F42E75 /* Debug */ = {
			isa = XCBuildConfiguration;
			buildSettings = {
				ASSETCATALOG_COMPILER_APPICON_NAME = AppIcon;
				ASSETCATALOG_COMPILER_GLOBAL_ACCENT_COLOR_NAME = AccentColor;
				CODE_SIGN_STYLE = Automatic;
				CURRENT_PROJECT_VERSION = 1;
				DEVELOPMENT_ASSET_PATHS = "\"EmojiArt/Preview Content\"";
				DEVELOPMENT_TEAM = 9JF99T9A6L;
				ENABLE_PREVIEWS = YES;
				GENERATE_INFOPLIST_FILE = YES;
				INFOPLIST_KEY_CFBundleDisplayName = "Emoji Art";
				INFOPLIST_KEY_UIApplicationSceneManifest_Generation = YES;
				INFOPLIST_KEY_UIApplicationSupportsIndirectInputEvents = YES;
				INFOPLIST_KEY_UILaunchScreen_Generation = YES;
				INFOPLIST_KEY_UISupportedInterfaceOrientations_iPad = "UIInterfaceOrientationPortrait UIInterfaceOrientationPortraitUpsideDown UIInterfaceOrientationLandscapeLeft UIInterfaceOrientationLandscapeRight";
				INFOPLIST_KEY_UISupportedInterfaceOrientations_iPhone = "UIInterfaceOrientationPortrait UIInterfaceOrientationLandscapeLeft UIInterfaceOrientationLandscapeRight";
				LD_RUNPATH_SEARCH_PATHS = (
					"$(inherited)",
					"@executable_path/Frameworks",
				);
				MARKETING_VERSION = 1.0;
				PRODUCT_BUNDLE_IDENTIFIER = com.apple.developer.Treata.EmojiArt;
				PRODUCT_NAME = "$(TARGET_NAME)";
				SWIFT_EMIT_LOC_STRINGS = YES;
				SWIFT_VERSION = 5.0;
				TARGETED_DEVICE_FAMILY = "1,2";
			};
			name = Debug;
		};
		616B9DE629FAB1BB00F42E75 /* Release */ = {
			isa = XCBuildConfiguration;
			buildSettings = {
				ASSETCATALOG_COMPILER_APPICON_NAME = AppIcon;
				ASSETCATALOG_COMPILER_GLOBAL_ACCENT_COLOR_NAME = AccentColor;
				CODE_SIGN_STYLE = Automatic;
				CURRENT_PROJECT_VERSION = 1;
				DEVELOPMENT_ASSET_PATHS = "\"EmojiArt/Preview Content\"";
				DEVELOPMENT_TEAM = 9JF99T9A6L;
				ENABLE_PREVIEWS = YES;
				GENERATE_INFOPLIST_FILE = YES;
				INFOPLIST_KEY_CFBundleDisplayName = "Emoji Art";
				INFOPLIST_KEY_UIApplicationSceneManifest_Generation = YES;
				INFOPLIST_KEY_UIApplicationSupportsIndirectInputEvents = YES;
				INFOPLIST_KEY_UILaunchScreen_Generation = YES;
				INFOPLIST_KEY_UISupportedInterfaceOrientations_iPad = "UIInterfaceOrientationPortrait UIInterfaceOrientationPortraitUpsideDown UIInterfaceOrientationLandscapeLeft UIInterfaceOrientationLandscapeRight";
				INFOPLIST_KEY_UISupportedInterfaceOrientations_iPhone = "UIInterfaceOrientationPortrait UIInterfaceOrientationLandscapeLeft UIInterfaceOrientationLandscapeRight";
				LD_RUNPATH_SEARCH_PATHS = (
					"$(inherited)",
					"@executable_path/Frameworks",
				);
				MARKETING_VERSION = 1.0;
				PRODUCT_BUNDLE_IDENTIFIER = com.apple.developer.Treata.EmojiArt;
				PRODUCT_NAME = "$(TARGET_NAME)";
				SWIFT_EMIT_LOC_STRINGS = YES;
				SWIFT_VERSION = 5.0;
				TARGETED_DEVICE_FAMILY = "1,2";
			};
			name = Release;
		};
/* End XCBuildConfiguration section */

/* Begin XCConfigurationList section */
		616B9DD129FAB1BA00F42E75 /* Build configuration list for PBXProject "EmojiArt" */ = {
			isa = XCConfigurationList;
			buildConfigurations = (
				616B9DE229FAB1BB00F42E75 /* Debug */,
				616B9DE329FAB1BB00F42E75 /* Release */,
			);
			defaultConfigurationIsVisible = 0;
			defaultConfigurationName = Release;
		};
		616B9DE429FAB1BB00F42E75 /* Build configuration list for PBXNativeTarget "EmojiArt" */ = {
			isa = XCConfigurationList;
			buildConfigurations = (
				616B9DE529FAB1BB00F42E75 /* Debug */,
				616B9DE629FAB1BB00F42E75 /* Release */,
			);
			defaultConfigurationIsVisible = 0;
			defaultConfigurationName = Release;
		};
/* End XCConfigurationList section */
	};
	rootObject = 616B9DCE29FAB1BA00F42E75 /* Project object */;
}
